
Microsoft Visual Studio Solution File, Format Version 12.00
# Visual Studio Version 16
VisualStudioVersion = 16.0.30114.105
MinimumVisualStudioVersion = 10.0.40219.1
Project("{2150E333-8FDC-42A3-9474-1A3956D46DE8}") = "0-Presentation", "0-Presentation", "{5FE88A4D-E31B-465C-A45C-EAC52A84BEF0}"
EndProject
Project("{FAE04EC0-301F-11D3-BF4B-00C04F79EFBC}") = "DDD_Dotnet.MVC", "0-Presentation\DDD_Dotnet.MVC\DDD_Dotnet.MVC.csproj", "{7CFEF858-31B8-41C5-974E-66F43415BAEF}"
EndProject
Project("{2150E333-8FDC-42A3-9474-1A3956D46DE8}") = "2-Application", "2-Application", "{5329375C-4CE8-4CFF-B545-2FEEBDDE5248}"
EndProject
Project("{FAE04EC0-301F-11D3-BF4B-00C04F79EFBC}") = "DDD_Dotnet.Application", "2-Application\DDD_Dotnet.Application\DDD_Dotnet.Application.csproj", "{A4FD2FB9-A616-4B02-B24E-6D738E8F0E86}"
EndProject
Project("{2150E333-8FDC-42A3-9474-1A3956D46DE8}") = "3-Domain", "3-Domain", "{B42A4C5F-50C2-4A33-82F0-E1A89BFEF37D}"
EndProject
Project("{FAE04EC0-301F-11D3-BF4B-00C04F79EFBC}") = "DDD_Dotnet.Domain", "3-Domain\DDD_Dotnet.Domain\DDD_Dotnet.Domain.csproj", "{03C926E2-A45E-4BC9-A3D7-31E1C1D0FA38}"
EndProject
Project("{2150E333-8FDC-42A3-9474-1A3956D46DE8}") = "4-Infra", "4-Infra", "{DCECA4EA-04C8-41AE-989A-B87D25DBB7AD}"
EndProject
Project("{2150E333-8FDC-42A3-9474-1A3956D46DE8}") = "4.1-Data", "4.1-Data", "{682AB324-88F3-416A-A6DF-162E1CC151CC}"
EndProject
Project("{FAE04EC0-301F-11D3-BF4B-00C04F79EFBC}") = "DDD_Dotnet.Infra.Data", "4-Infra\4.1-Data\DDD_Dotnet.Infra.Data\DDD_Dotnet.Infra.Data.csproj", "{9FC08993-6D17-4CE3-A83C-C44AD99CBCB1}"
EndProject
Global
	GlobalSection(SolutionConfigurationPlatforms) = preSolution
		Debug|Any CPU = Debug|Any CPU
		Debug|x64 = Debug|x64
		Debug|x86 = Debug|x86
		Release|Any CPU = Release|Any CPU
		Release|x64 = Release|x64
		Release|x86 = Release|x86
	EndGlobalSection
	GlobalSection(SolutionProperties) = preSolution
		HideSolutionNode = FALSE
	EndGlobalSection
	GlobalSection(ProjectConfigurationPlatforms) = postSolution
		{7CFEF858-31B8-41C5-974E-66F43415BAEF}.Debug|Any CPU.ActiveCfg = Debug|Any CPU
		{7CFEF858-31B8-41C5-974E-66F43415BAEF}.Debug|Any CPU.Build.0 = Debug|Any CPU
		{7CFEF858-31B8-41C5-974E-66F43415BAEF}.Debug|x64.ActiveCfg = Debug|Any CPU
		{7CFEF858-31B8-41C5-974E-66F43415BAEF}.Debug|x64.Build.0 = Debug|Any CPU
		{7CFEF858-31B8-41C5-974E-66F43415BAEF}.Debug|x86.ActiveCfg = Debug|Any CPU
		{7CFEF858-31B8-41C5-974E-66F43415BAEF}.Debug|x86.Build.0 = Debug|Any CPU
		{7CFEF858-31B8-41C5-974E-66F43415BAEF}.Release|Any CPU.ActiveCfg = Release|Any CPU
		{7CFEF858-31B8-41C5-974E-66F43415BAEF}.Release|Any CPU.Build.0 = Release|Any CPU
		{7CFEF858-31B8-41C5-974E-66F43415BAEF}.Release|x64.ActiveCfg = Release|Any CPU
		{7CFEF858-31B8-41C5-974E-66F43415BAEF}.Release|x64.Build.0 = Release|Any CPU
		{7CFEF858-31B8-41C5-974E-66F43415BAEF}.Release|x86.ActiveCfg = Release|Any CPU
		{7CFEF858-31B8-41C5-974E-66F43415BAEF}.Release|x86.Build.0 = Release|Any CPU
		{A4FD2FB9-A616-4B02-B24E-6D738E8F0E86}.Debug|Any CPU.ActiveCfg = Debug|Any CPU
		{A4FD2FB9-A616-4B02-B24E-6D738E8F0E86}.Debug|Any CPU.Build.0 = Debug|Any CPU
		{A4FD2FB9-A616-4B02-B24E-6D738E8F0E86}.Debug|x64.ActiveCfg = Debug|Any CPU
		{A4FD2FB9-A616-4B02-B24E-6D738E8F0E86}.Debug|x64.Build.0 = Debug|Any CPU
		{A4FD2FB9-A616-4B02-B24E-6D738E8F0E86}.Debug|x86.ActiveCfg = Debug|Any CPU
		{A4FD2FB9-A616-4B02-B24E-6D738E8F0E86}.Debug|x86.Build.0 = Debug|Any CPU
		{A4FD2FB9-A616-4B02-B24E-6D738E8F0E86}.Release|Any CPU.ActiveCfg = Release|Any CPU
		{A4FD2FB9-A616-4B02-B24E-6D738E8F0E86}.Release|Any CPU.Build.0 = Release|Any CPU
		{A4FD2FB9-A616-4B02-B24E-6D738E8F0E86}.Release|x64.ActiveCfg = Release|Any CPU
		{A4FD2FB9-A616-4B02-B24E-6D738E8F0E86}.Release|x64.Build.0 = Release|Any CPU
		{A4FD2FB9-A616-4B02-B24E-6D738E8F0E86}.Release|x86.ActiveCfg = Release|Any CPU
		{A4FD2FB9-A616-4B02-B24E-6D738E8F0E86}.Release|x86.Build.0 = Release|Any CPU
		{03C926E2-A45E-4BC9-A3D7-31E1C1D0FA38}.Debug|Any CPU.ActiveCfg = Debug|Any CPU
		{03C926E2-A45E-4BC9-A3D7-31E1C1D0FA38}.Debug|Any CPU.Build.0 = Debug|Any CPU
		{03C926E2-A45E-4BC9-A3D7-31E1C1D0FA38}.Debug|x64.ActiveCfg = Debug|Any CPU
		{03C926E2-A45E-4BC9-A3D7-31E1C1D0FA38}.Debug|x64.Build.0 = Debug|Any CPU
		{03C926E2-A45E-4BC9-A3D7-31E1C1D0FA38}.Debug|x86.ActiveCfg = Debug|Any CPU
		{03C926E2-A45E-4BC9-A3D7-31E1C1D0FA38}.Debug|x86.Build.0 = Debug|Any CPU
		{03C926E2-A45E-4BC9-A3D7-31E1C1D0FA38}.Release|Any CPU.ActiveCfg = Release|Any CPU
		{03C926E2-A45E-4BC9-A3D7-31E1C1D0FA38}.Release|Any CPU.Build.0 = Release|Any CPU
		{03C926E2-A45E-4BC9-A3D7-31E1C1D0FA38}.Release|x64.ActiveCfg = Release|Any CPU
		{03C926E2-A45E-4BC9-A3D7-31E1C1D0FA38}.Release|x64.Build.0 = Release|Any CPU
		{03C926E2-A45E-4BC9-A3D7-31E1C1D0FA38}.Release|x86.ActiveCfg = Release|Any CPU
		{03C926E2-A45E-4BC9-A3D7-31E1C1D0FA38}.Release|x86.Build.0 = Release|Any CPU
		{9FC08993-6D17-4CE3-A83C-C44AD99CBCB1}.Debug|Any CPU.ActiveCfg = Debug|Any CPU
		{9FC08993-6D17-4CE3-A83C-C44AD99CBCB1}.Debug|Any CPU.Build.0 = Debug|Any CPU
		{9FC08993-6D17-4CE3-A83C-C44AD99CBCB1}.Debug|x64.ActiveCfg = Debug|Any CPU
		{9FC08993-6D17-4CE3-A83C-C44AD99CBCB1}.Debug|x64.Build.0 = Debug|Any CPU
		{9FC08993-6D17-4CE3-A83C-C44AD99CBCB1}.Debug|x86.ActiveCfg = Debug|Any CPU
		{9FC08993-6D17-4CE3-A83C-C44AD99CBCB1}.Debug|x86.Build.0 = Debug|Any CPU
		{9FC08993-6D17-4CE3-A83C-C44AD99CBCB1}.Release|Any CPU.ActiveCfg = Release|Any CPU
		{9FC08993-6D17-4CE3-A83C-C44AD99CBCB1}.Release|Any CPU.Build.0 = Release|Any CPU
		{9FC08993-6D17-4CE3-A83C-C44AD99CBCB1}.Release|x64.ActiveCfg = Release|Any CPU
		{9FC08993-6D17-4CE3-A83C-C44AD99CBCB1}.Release|x64.Build.0 = Release|Any CPU
		{9FC08993-6D17-4CE3-A83C-C44AD99CBCB1}.Release|x86.ActiveCfg = Release|Any CPU
		{9FC08993-6D17-4CE3-A83C-C44AD99CBCB1}.Release|x86.Build.0 = Release|Any CPU
	EndGlobalSection
	GlobalSection(NestedProjects) = preSolution
		{7CFEF858-31B8-41C5-974E-66F43415BAEF} = {5FE88A4D-E31B-465C-A45C-EAC52A84BEF0}
		{A4FD2FB9-A616-4B02-B24E-6D738E8F0E86} = {5329375C-4CE8-4CFF-B545-2FEEBDDE5248}
		{03C926E2-A45E-4BC9-A3D7-31E1C1D0FA38} = {B42A4C5F-50C2-4A33-82F0-E1A89BFEF37D}
		{682AB324-88F3-416A-A6DF-162E1CC151CC} = {DCECA4EA-04C8-41AE-989A-B87D25DBB7AD}
		{9FC08993-6D17-4CE3-A83C-C44AD99CBCB1} = {682AB324-88F3-416A-A6DF-162E1CC151CC}
	EndGlobalSection
EndGlobal
